// !$*UTF8*$!
{
	archiveVersion = 1;
	classes = {
	};
	objectVersion = 56;
	objects = {

/* Begin PBXBuildFile section */
		108922622BD984D10062DE26 /* GooooApp.swift in Sources */ = {isa = PBXBuildFile; fileRef = 108922612BD984D10062DE26 /* GooooApp.swift */; };
		108922642BD984D10062DE26 /* ContentView.swift in Sources */ = {isa = PBXBuildFile; fileRef = 108922632BD984D10062DE26 /* ContentView.swift */; };
		108922662BD984D30062DE26 /* Assets.xcassets in Resources */ = {isa = PBXBuildFile; fileRef = 108922652BD984D30062DE26 /* Assets.xcassets */; };
		108922692BD984D30062DE26 /* Preview Assets.xcassets in Resources */ = {isa = PBXBuildFile; fileRef = 108922682BD984D30062DE26 /* Preview Assets.xcassets */; };
		108922732BD984D30062DE26 /* GooooTests.swift in Sources */ = {isa = PBXBuildFile; fileRef = 108922722BD984D30062DE26 /* GooooTests.swift */; };
		1089227D2BD984D30062DE26 /* GooooUITests.swift in Sources */ = {isa = PBXBuildFile; fileRef = 1089227C2BD984D30062DE26 /* GooooUITests.swift */; };
		1089227F2BD984D30062DE26 /* GooooUITestsLaunchTests.swift in Sources */ = {isa = PBXBuildFile; fileRef = 1089227E2BD984D30062DE26 /* GooooUITestsLaunchTests.swift */; };
		1089228C2BD9A80A0062DE26 /* MapViewController.swift in Sources */ = {isa = PBXBuildFile; fileRef = 1089228B2BD9A80A0062DE26 /* MapViewController.swift */; };
/* End PBXBuildFile section */

/* Begin PBXContainerItemProxy section */
		1089226F2BD984D30062DE26 /* PBXContainerItemProxy */ = {
			isa = PBXContainerItemProxy;
			containerPortal = 108922562BD984D10062DE26 /* Project object */;
			proxyType = 1;
			remoteGlobalIDString = 1089225D2BD984D10062DE26;
			remoteInfo = Goooo;
		};
		108922792BD984D30062DE26 /* PBXContainerItemProxy */ = {
			isa = PBXContainerItemProxy;
			containerPortal = 108922562BD984D10062DE26 /* Project object */;
			proxyType = 1;
			remoteGlobalIDString = 1089225D2BD984D10062DE26;
			remoteInfo = Goooo;
		};
/* End PBXContainerItemProxy section */

/* Begin PBXFileReference section */
		1089225E2BD984D10062DE26 /* Goooo.app */ = {isa = PBXFileReference; explicitFileType = wrapper.application; includeInIndex = 0; path = Goooo.app; sourceTree = BUILT_PRODUCTS_DIR; };
		108922612BD984D10062DE26 /* GooooApp.swift */ = {isa = PBXFileReference; lastKnownFileType = sourcecode.swift; path = GooooApp.swift; sourceTree = "<group>"; };
		108922632BD984D10062DE26 /* ContentView.swift */ = {isa = PBXFileReference; lastKnownFileType = sourcecode.swift; path = ContentView.swift; sourceTree = "<group>"; };
		108922652BD984D30062DE26 /* Assets.xcassets */ = {isa = PBXFileReference; lastKnownFileType = folder.assetcatalog; path = Assets.xcassets; sourceTree = "<group>"; };
		108922682BD984D30062DE26 /* Preview Assets.xcassets */ = {isa = PBXFileReference; lastKnownFileType = folder.assetcatalog; path = "Preview Assets.xcassets"; sourceTree = "<group>"; };
		1089226E2BD984D30062DE26 /* GooooTests.xctest */ = {isa = PBXFileReference; explicitFileType = wrapper.cfbundle; includeInIndex = 0; path = GooooTests.xctest; sourceTree = BUILT_PRODUCTS_DIR; };
		108922722BD984D30062DE26 /* GooooTests.swift */ = {isa = PBXFileReference; lastKnownFileType = sourcecode.swift; path = GooooTests.swift; sourceTree = "<group>"; };
		108922782BD984D30062DE26 /* GooooUITests.xctest */ = {isa = PBXFileReference; explicitFileType = wrapper.cfbundle; includeInIndex = 0; path = GooooUITests.xctest; sourceTree = BUILT_PRODUCTS_DIR; };
		1089227C2BD984D30062DE26 /* GooooUITests.swift */ = {isa = PBXFileReference; lastKnownFileType = sourcecode.swift; path = GooooUITests.swift; sourceTree = "<group>"; };
		1089227E2BD984D30062DE26 /* GooooUITestsLaunchTests.swift */ = {isa = PBXFileReference; lastKnownFileType = sourcecode.swift; path = GooooUITestsLaunchTests.swift; sourceTree = "<group>"; };
		1089228B2BD9A80A0062DE26 /* MapViewController.swift */ = {isa = PBXFileReference; lastKnownFileType = sourcecode.swift; path = MapViewController.swift; sourceTree = "<group>"; };
/* End PBXFileReference section */

/* Begin PBXFrameworksBuildPhase section */
		1089225B2BD984D10062DE26 /* Frameworks */ = {
			isa = PBXFrameworksBuildPhase;
			buildActionMask = 2147483647;
			files = (
			);
			runOnlyForDeploymentPostprocessing = 0;
		};
		1089226B2BD984D30062DE26 /* Frameworks */ = {
			isa = PBXFrameworksBuildPhase;
			buildActionMask = 2147483647;
			files = (
			);
			runOnlyForDeploymentPostprocessing = 0;
		};
		108922752BD984D30062DE26 /* Frameworks */ = {
			isa = PBXFrameworksBuildPhase;
			buildActionMask = 2147483647;
			files = (
			);
			runOnlyForDeploymentPostprocessing = 0;
		};
/* End PBXFrameworksBuildPhase section */

/* Begin PBXGroup section */
		108922552BD984D10062DE26 = {
			isa = PBXGroup;
			children = (
				108922602BD984D10062DE26 /* Goooo */,
				108922712BD984D30062DE26 /* GooooTests */,
				1089227B2BD984D30062DE26 /* GooooUITests */,
				1089225F2BD984D10062DE26 /* Products */,
			);
			sourceTree = "<group>";
		};
		1089225F2BD984D10062DE26 /* Products */ = {
			isa = PBXGroup;
			children = (
				1089225E2BD984D10062DE26 /* Goooo.app */,
				1089226E2BD984D30062DE26 /* GooooTests.xctest */,
				108922782BD984D30062DE26 /* GooooUITests.xctest */,
			);
			name = Products;
			sourceTree = "<group>";
		};
		108922602BD984D10062DE26 /* Goooo */ = {
			isa = PBXGroup;
			children = (
				108922612BD984D10062DE26 /* GooooApp.swift */,
				108922632BD984D10062DE26 /* ContentView.swift */,
				1089228B2BD9A80A0062DE26 /* MapViewController.swift */,
				108922652BD984D30062DE26 /* Assets.xcassets */,
				108922672BD984D30062DE26 /* Preview Content */,
			);
			path = Goooo;
			sourceTree = "<group>";
		};
		108922672BD984D30062DE26 /* Preview Content */ = {
			isa = PBXGroup;
			children = (
				108922682BD984D30062DE26 /* Preview Assets.xcassets */,
			);
			path = "Preview Content";
			sourceTree = "<group>";
		};
		108922712BD984D30062DE26 /* GooooTests */ = {
			isa = PBXGroup;
			children = (
				108922722BD984D30062DE26 /* GooooTests.swift */,
			);
			path = GooooTests;
			sourceTree = "<group>";
		};
		1089227B2BD984D30062DE26 /* GooooUITests */ = {
			isa = PBXGroup;
			children = (
				1089227C2BD984D30062DE26 /* GooooUITests.swift */,
				1089227E2BD984D30062DE26 /* GooooUITestsLaunchTests.swift */,
			);
			path = GooooUITests;
			sourceTree = "<group>";
		};
/* End PBXGroup section */

/* Begin PBXNativeTarget section */
		1089225D2BD984D10062DE26 /* Goooo */ = {
			isa = PBXNativeTarget;
			buildConfigurationList = 108922822BD984D30062DE26 /* Build configuration list for PBXNativeTarget "Goooo" */;
			buildPhases = (
				1089225A2BD984D10062DE26 /* Sources */,
				1089225B2BD984D10062DE26 /* Frameworks */,
				1089225C2BD984D10062DE26 /* Resources */,
			);
			buildRules = (
			);
			dependencies = (
			);
			name = Goooo;
			productName = Goooo;
			productReference = 1089225E2BD984D10062DE26 /* Goooo.app */;
			productType = "com.apple.product-type.application";
		};
		1089226D2BD984D30062DE26 /* GooooTests */ = {
			isa = PBXNativeTarget;
			buildConfigurationList = 108922852BD984D30062DE26 /* Build configuration list for PBXNativeTarget "GooooTests" */;
			buildPhases = (
				1089226A2BD984D30062DE26 /* Sources */,
				1089226B2BD984D30062DE26 /* Frameworks */,
				1089226C2BD984D30062DE26 /* Resources */,
			);
			buildRules = (
			);
			dependencies = (
				108922702BD984D30062DE26 /* PBXTargetDependency */,
			);
			name = GooooTests;
			productName = GooooTests;
			productReference = 1089226E2BD984D30062DE26 /* GooooTests.xctest */;
			productType = "com.apple.product-type.bundle.unit-test";
		};
		108922772BD984D30062DE26 /* GooooUITests */ = {
			isa = PBXNativeTarget;
			buildConfigurationList = 108922882BD984D30062DE26 /* Build configuration list for PBXNativeTarget "GooooUITests" */;
			buildPhases = (
				108922742BD984D30062DE26 /* Sources */,
				108922752BD984D30062DE26 /* Frameworks */,
				108922762BD984D30062DE26 /* Resources */,
			);
			buildRules = (
			);
			dependencies = (
				1089227A2BD984D30062DE26 /* PBXTargetDependency */,
			);
			name = GooooUITests;
			productName = GooooUITests;
			productReference = 108922782BD984D30062DE26 /* GooooUITests.xctest */;
			productType = "com.apple.product-type.bundle.ui-testing";
		};
/* End PBXNativeTarget section */

/* Begin PBXProject section */
		108922562BD984D10062DE26 /* Project object */ = {
			isa = PBXProject;
			attributes = {
				BuildIndependentTargetsInParallel = 1;
				LastSwiftUpdateCheck = 1530;
				LastUpgradeCheck = 1530;
				TargetAttributes = {
					1089225D2BD984D10062DE26 = {
						CreatedOnToolsVersion = 15.3;
					};
					1089226D2BD984D30062DE26 = {
						CreatedOnToolsVersion = 15.3;
						TestTargetID = 1089225D2BD984D10062DE26;
					};
					108922772BD984D30062DE26 = {
						CreatedOnToolsVersion = 15.3;
						TestTargetID = 1089225D2BD984D10062DE26;
					};
				};
			};
			buildConfigurationList = 108922592BD984D10062DE26 /* Build configuration list for PBXProject "Goooo" */;
			compatibilityVersion = "Xcode 14.0";
			developmentRegion = en;
			hasScannedForEncodings = 0;
			knownRegions = (
				en,
				Base,
			);
			mainGroup = 108922552BD984D10062DE26;
			productRefGroup = 1089225F2BD984D10062DE26 /* Products */;
			projectDirPath = "";
			projectRoot = "";
			targets = (
				1089225D2BD984D10062DE26 /* Goooo */,
				1089226D2BD984D30062DE26 /* GooooTests */,
				108922772BD984D30062DE26 /* GooooUITests */,
			);
		};
/* End PBXProject section */

/* Begin PBXResourcesBuildPhase section */
		1089225C2BD984D10062DE26 /* Resources */ = {
			isa = PBXResourcesBuildPhase;
			buildActionMask = 2147483647;
			files = (
				108922692BD984D30062DE26 /* Preview Assets.xcassets in Resources */,
				108922662BD984D30062DE26 /* Assets.xcassets in Resources */,
			);
			runOnlyForDeploymentPostprocessing = 0;
		};
		1089226C2BD984D30062DE26 /* Resources */ = {
			isa = PBXResourcesBuildPhase;
			buildActionMask = 2147483647;
			files = (
			);
			runOnlyForDeploymentPostprocessing = 0;
		};
		108922762BD984D30062DE26 /* Resources */ = {
			isa = PBXResourcesBuildPhase;
			buildActionMask = 2147483647;
			files = (
			);
			runOnlyForDeploymentPostprocessing = 0;
		};
/* End PBXResourcesBuildPhase section */

/* Begin PBXSourcesBuildPhase section */
		1089225A2BD984D10062DE26 /* Sources */ = {
			isa = PBXSourcesBuildPhase;
			buildActionMask = 2147483647;
			files = (
				108922642BD984D10062DE26 /* ContentView.swift in Sources */,
				1089228C2BD9A80A0062DE26 /* MapViewController.swift in Sources */,
				108922622BD984D10062DE26 /* GooooApp.swift in Sources */,
			);
			runOnlyForDeploymentPostprocessing = 0;
		};
		1089226A2BD984D30062DE26 /* Sources */ = {
			isa = PBXSourcesBuildPhase;
			buildActionMask = 2147483647;
			files = (
				108922732BD984D30062DE26 /* GooooTests.swift in Sources */,
			);
			runOnlyForDeploymentPostprocessing = 0;
		};
		108922742BD984D30062DE26 /* Sources */ = {
			isa = PBXSourcesBuildPhase;
			buildActionMask = 2147483647;
			files = (
				1089227F2BD984D30062DE26 /* GooooUITestsLaunchTests.swift in Sources */,
				1089227D2BD984D30062DE26 /* GooooUITests.swift in Sources */,
			);
			runOnlyForDeploymentPostprocessing = 0;
		};
/* End PBXSourcesBuildPhase section */

/* Begin PBXTargetDependency section */
		108922702BD984D30062DE26 /* PBXTargetDependency */ = {
			isa = PBXTargetDependency;
			target = 1089225D2BD984D10062DE26 /* Goooo */;
			targetProxy = 1089226F2BD984D30062DE26 /* PBXContainerItemProxy */;
		};
		1089227A2BD984D30062DE26 /* PBXTargetDependency */ = {
			isa = PBXTargetDependency;
			target = 1089225D2BD984D10062DE26 /* Goooo */;
			targetProxy = 108922792BD984D30062DE26 /* PBXContainerItemProxy */;
		};
/* End PBXTargetDependency section */

/* Begin XCBuildConfiguration section */
		108922802BD984D30062DE26 /* Debug */ = {
			isa = XCBuildConfiguration;
			buildSettings = {
				ALWAYS_SEARCH_USER_PATHS = NO;
				ASSETCATALOG_COMPILER_GENERATE_SWIFT_ASSET_SYMBOL_EXTENSIONS = YES;
				CLANG_ANALYZER_NONNULL = YES;
				CLANG_ANALYZER_NUMBER_OBJECT_CONVERSION = YES_AGGRESSIVE;
				CLANG_CXX_LANGUAGE_STANDARD = "gnu++20";
				CLANG_ENABLE_MODULES = YES;
				CLANG_ENABLE_OBJC_ARC = YES;
				CLANG_ENABLE_OBJC_WEAK = YES;
				CLANG_WARN_BLOCK_CAPTURE_AUTORELEASING = YES;
				CLANG_WARN_BOOL_CONVERSION = YES;
				CLANG_WARN_COMMA = YES;
				CLANG_WARN_CONSTANT_CONVERSION = YES;
				CLANG_WARN_DEPRECATED_OBJC_IMPLEMENTATIONS = YES;
				CLANG_WARN_DIRECT_OBJC_ISA_USAGE = YES_ERROR;
				CLANG_WARN_DOCUMENTATION_COMMENTS = YES;
				CLANG_WARN_EMPTY_BODY = YES;
				CLANG_WARN_ENUM_CONVERSION = YES;
				CLANG_WARN_INFINITE_RECURSION = YES;
				CLANG_WARN_INT_CONVERSION = YES;
				CLANG_WARN_NON_LITERAL_NULL_CONVERSION = YES;
				CLANG_WARN_OBJC_IMPLICIT_RETAIN_SELF = YES;
				CLANG_WARN_OBJC_LITERAL_CONVERSION = YES;
				CLANG_WARN_OBJC_ROOT_CLASS = YES_ERROR;
				CLANG_WARN_QUOTED_INCLUDE_IN_FRAMEWORK_HEADER = YES;
				CLANG_WARN_RANGE_LOOP_ANALYSIS = YES;
				CLANG_WARN_STRICT_PROTOTYPES = YES;
				CLANG_WARN_SUSPICIOUS_MOVE = YES;
				CLANG_WARN_UNGUARDED_AVAILABILITY = YES_AGGRESSIVE;
				CLANG_WARN_UNREACHABLE_CODE = YES;
				CLANG_WARN__DUPLICATE_METHOD_MATCH = YES;
				COPY_PHASE_STRIP = NO;
				DEBUG_INFORMATION_FORMAT = dwarf;
				ENABLE_STRICT_OBJC_MSGSEND = YES;
				ENABLE_TESTABILITY = YES;
				ENABLE_USER_SCRIPT_SANDBOXING = YES;
				GCC_C_LANGUAGE_STANDARD = gnu17;
				GCC_DYNAMIC_NO_PIC = NO;
				GCC_NO_COMMON_BLOCKS = YES;
				GCC_OPTIMIZATION_LEVEL = 0;
				GCC_PREPROCESSOR_DEFINITIONS = (
					"DEBUG=1",
					"$(inherited)",
				);
				GCC_WARN_64_TO_32_BIT_CONVERSION = YES;
				GCC_WARN_ABOUT_RETURN_TYPE = YES_ERROR;
				GCC_WARN_UNDECLARED_SELECTOR = YES;
				GCC_WARN_UNINITIALIZED_AUTOS = YES_AGGRESSIVE;
				GCC_WARN_UNUSED_FUNCTION = YES;
				GCC_WARN_UNUSED_VARIABLE = YES;
				IPHONEOS_DEPLOYMENT_TARGET = 17.4;
				LOCALIZATION_PREFERS_STRING_CATALOGS = YES;
				MTL_ENABLE_DEBUG_INFO = INCLUDE_SOURCE;
				MTL_FAST_MATH = YES;
				ONLY_ACTIVE_ARCH = YES;
				SDKROOT = iphoneos;
				SWIFT_ACTIVE_COMPILATION_CONDITIONS = "DEBUG $(inherited)";
				SWIFT_OPTIMIZATION_LEVEL = "-Onone";
			};
			name = Debug;
		};
		108922812BD984D30062DE26 /* Release */ = {
			isa = XCBuildConfiguration;
			buildSettings = {
				ALWAYS_SEARCH_USER_PATHS = NO;
				ASSETCATALOG_COMPILER_GENERATE_SWIFT_ASSET_SYMBOL_EXTENSIONS = YES;
				CLANG_ANALYZER_NONNULL = YES;
				CLANG_ANALYZER_NUMBER_OBJECT_CONVERSION = YES_AGGRESSIVE;
				CLANG_CXX_LANGUAGE_STANDARD = "gnu++20";
				CLANG_ENABLE_MODULES = YES;
				CLANG_ENABLE_OBJC_ARC = YES;
				CLANG_ENABLE_OBJC_WEAK = YES;
				CLANG_WARN_BLOCK_CAPTURE_AUTORELEASING = YES;
				CLANG_WARN_BOOL_CONVERSION = YES;
				CLANG_WARN_COMMA = YES;
				CLANG_WARN_CONSTANT_CONVERSION = YES;
				CLANG_WARN_DEPRECATED_OBJC_IMPLEMENTATIONS = YES;
				CLANG_WARN_DIRECT_OBJC_ISA_USAGE = YES_ERROR;
				CLANG_WARN_DOCUMENTATION_COMMENTS = YES;
				CLANG_WARN_EMPTY_BODY = YES;
				CLANG_WARN_ENUM_CONVERSION = YES;
				CLANG_WARN_INFINITE_RECURSION = YES;
				CLANG_WARN_INT_CONVERSION = YES;
				CLANG_WARN_NON_LITERAL_NULL_CONVERSION = YES;
				CLANG_WARN_OBJC_IMPLICIT_RETAIN_SELF = YES;
				CLANG_WARN_OBJC_LITERAL_CONVERSION = YES;
				CLANG_WARN_OBJC_ROOT_CLASS = YES_ERROR;
				CLANG_WARN_QUOTED_INCLUDE_IN_FRAMEWORK_HEADER = YES;
				CLANG_WARN_RANGE_LOOP_ANALYSIS = YES;
				CLANG_WARN_STRICT_PROTOTYPES = YES;
				CLANG_WARN_SUSPICIOUS_MOVE = YES;
				CLANG_WARN_UNGUARDED_AVAILABILITY = YES_AGGRESSIVE;
				CLANG_WARN_UNREACHABLE_CODE = YES;
				CLANG_WARN__DUPLICATE_METHOD_MATCH = YES;
				COPY_PHASE_STRIP = NO;
				DEBUG_INFORMATION_FORMAT = "dwarf-with-dsym";
				ENABLE_NS_ASSERTIONS = NO;
				ENABLE_STRICT_OBJC_MSGSEND = YES;
				ENABLE_USER_SCRIPT_SANDBOXING = YES;
				GCC_C_LANGUAGE_STANDARD = gnu17;
				GCC_NO_COMMON_BLOCKS = YES;
				GCC_WARN_64_TO_32_BIT_CONVERSION = YES;
				GCC_WARN_ABOUT_RETURN_TYPE = YES_ERROR;
				GCC_WARN_UNDECLARED_SELECTOR = YES;
				GCC_WARN_UNINITIALIZED_AUTOS = YES_AGGRESSIVE;
				GCC_WARN_UNUSED_FUNCTION = YES;
				GCC_WARN_UNUSED_VARIABLE = YES;
				IPHONEOS_DEPLOYMENT_TARGET = 17.4;
				LOCALIZATION_PREFERS_STRING_CATALOGS = YES;
				MTL_ENABLE_DEBUG_INFO = NO;
				MTL_FAST_MATH = YES;
				SDKROOT = iphoneos;
				SWIFT_COMPILATION_MODE = wholemodule;
				VALIDATE_PRODUCT = YES;
			};
			name = Release;
		};
		108922832BD984D30062DE26 /* Debug */ = {
			isa = XCBuildConfiguration;
			buildSettings = {
				ASSETCATALOG_COMPILER_APPICON_NAME = AppIcon;
				ASSETCATALOG_COMPILER_GLOBAL_ACCENT_COLOR_NAME = AccentColor;
				CODE_SIGN_STYLE = Automatic;
				CURRENT_PROJECT_VERSION = 1;
				DEVELOPMENT_ASSET_PATHS = "\"Goooo/Preview Content\"";
				ENABLE_PREVIEWS = YES;
				GENERATE_INFOPLIST_FILE = YES;
				INFOPLIST_KEY_UIApplicationSceneManifest_Generation = YES;
				INFOPLIST_KEY_UIApplicationSupportsIndirectInputEvents = YES;
				INFOPLIST_KEY_UILaunchScreen_Generation = YES;
				INFOPLIST_KEY_UISupportedInterfaceOrientations_iPad = "UIInterfaceOrientationPortrait UIInterfaceOrientationPortraitUpsideDown UIInterfaceOrientationLandscapeLeft UIInterfaceOrientationLandscapeRight";
				INFOPLIST_KEY_UISupportedInterfaceOrientations_iPhone = "UIInterfaceOrientationPortrait UIInterfaceOrientationLandscapeLeft UIInterfaceOrientationLandscapeRight";
				LD_RUNPATH_SEARCH_PATHS = (
					"$(inherited)",
					"@executable_path/Frameworks",
				);
				MARKETING_VERSION = 1.0;
				PRODUCT_BUNDLE_IDENTIFIER = "-.Goooo";
				PRODUCT_NAME = "$(TARGET_NAME)";
				SWIFT_EMIT_LOC_STRINGS = YES;
				SWIFT_VERSION = 5.0;
				TARGETED_DEVICE_FAMILY = "1,2";
			};
			name = Debug;
		};
		108922842BD984D30062DE26 /* Release */ = {
			isa = XCBuildConfiguration;
			buildSettings = {
				ASSETCATALOG_COMPILER_APPICON_NAME = AppIcon;
				ASSETCATALOG_COMPILER_GLOBAL_ACCENT_COLOR_NAME = AccentColor;
				CODE_SIGN_STYLE = Automatic;
				CURRENT_PROJECT_VERSION = 1;
				DEVELOPMENT_ASSET_PATHS = "\"Goooo/Preview Content\"";
				ENABLE_PREVIEWS = YES;
				GENERATE_INFOPLIST_FILE = YES;
				INFOPLIST_KEY_UIApplicationSceneManifest_Generation = YES;
				INFOPLIST_KEY_UIApplicationSupportsIndirectInputEvents = YES;
				INFOPLIST_KEY_UILaunchScreen_Generation = YES;
				INFOPLIST_KEY_UISupportedInterfaceOrientations_iPad = "UIInterfaceOrientationPortrait UIInterfaceOrientationPortraitUpsideDown UIInterfaceOrientationLandscapeLeft UIInterfaceOrientationLandscapeRight";
				INFOPLIST_KEY_UISupportedInterfaceOrientations_iPhone = "UIInterfaceOrientationPortrait UIInterfaceOrientationLandscapeLeft UIInterfaceOrientationLandscapeRight";
				LD_RUNPATH_SEARCH_PATHS = (
					"$(inherited)",
					"@executable_path/Frameworks",
				);
				MARKETING_VERSION = 1.0;
				PRODUCT_BUNDLE_IDENTIFIER = "-.Goooo";
				PRODUCT_NAME = "$(TARGET_NAME)";
				SWIFT_EMIT_LOC_STRINGS = YES;
				SWIFT_VERSION = 5.0;
				TARGETED_DEVICE_FAMILY = "1,2";
			};
			name = Release;
		};
		108922862BD984D30062DE26 /* Debug */ = {
			isa = XCBuildConfiguration;
			buildSettings = {
				ALWAYS_EMBED_SWIFT_STANDARD_LIBRARIES = YES;
				BUNDLE_LOADER = "$(TEST_HOST)";
				CODE_SIGN_STYLE = Automatic;
				CURRENT_PROJECT_VERSION = 1;
				GENERATE_INFOPLIST_FILE = YES;
				IPHONEOS_DEPLOYMENT_TARGET = 17.4;
				MARKETING_VERSION = 1.0;
				PRODUCT_BUNDLE_IDENTIFIER = "-.GooooTests";
				PRODUCT_NAME = "$(TARGET_NAME)";
				SWIFT_EMIT_LOC_STRINGS = NO;
				SWIFT_VERSION = 5.0;
				TARGETED_DEVICE_FAMILY = "1,2";
				TEST_HOST = "$(BUILT_PRODUCTS_DIR)/Goooo.app/$(BUNDLE_EXECUTABLE_FOLDER_PATH)/Goooo";
			};
			name = Debug;
		};
		108922872BD984D30062DE26 /* Release */ = {
			isa = XCBuildConfiguration;
			buildSettings = {
				ALWAYS_EMBED_SWIFT_STANDARD_LIBRARIES = YES;
				BUNDLE_LOADER = "$(TEST_HOST)";
				CODE_SIGN_STYLE = Automatic;
				CURRENT_PROJECT_VERSION = 1;
				GENERATE_INFOPLIST_FILE = YES;
				IPHONEOS_DEPLOYMENT_TARGET = 17.4;
				MARKETING_VERSION = 1.0;
				PRODUCT_BUNDLE_IDENTIFIER = "-.GooooTests";
				PRODUCT_NAME = "$(TARGET_NAME)";
				SWIFT_EMIT_LOC_STRINGS = NO;
				SWIFT_VERSION = 5.0;
				TARGETED_DEVICE_FAMILY = "1,2";
				TEST_HOST = "$(BUILT_PRODUCTS_DIR)/Goooo.app/$(BUNDLE_EXECUTABLE_FOLDER_PATH)/Goooo";
			};
			name = Release;
		};
		108922892BD984D30062DE26 /* Debug */ = {
			isa = XCBuildConfiguration;
			buildSettings = {
				ALWAYS_EMBED_SWIFT_STANDARD_LIBRARIES = YES;
				CODE_SIGN_STYLE = Automatic;
				CURRENT_PROJECT_VERSION = 1;
				GENERATE_INFOPLIST_FILE = YES;
				MARKETING_VERSION = 1.0;
				PRODUCT_BUNDLE_IDENTIFIER = "-.GooooUITests";
				PRODUCT_NAME = "$(TARGET_NAME)";
				SWIFT_EMIT_LOC_STRINGS = NO;
				SWIFT_VERSION = 5.0;
				TARGETED_DEVICE_FAMILY = "1,2";
				TEST_TARGET_NAME = Goooo;
			};
			name = Debug;
		};
		1089228A2BD984D30062DE26 /* Release */ = {
			isa = XCBuildConfiguration;
			buildSettings = {
				ALWAYS_EMBED_SWIFT_STANDARD_LIBRARIES = YES;
				CODE_SIGN_STYLE = Automatic;
				CURRENT_PROJECT_VERSION = 1;
				GENERATE_INFOPLIST_FILE = YES;
				MARKETING_VERSION = 1.0;
				PRODUCT_BUNDLE_IDENTIFIER = "-.GooooUITests";
				PRODUCT_NAME = "$(TARGET_NAME)";
				SWIFT_EMIT_LOC_STRINGS = NO;
				SWIFT_VERSION = 5.0;
				TARGETED_DEVICE_FAMILY = "1,2";
				TEST_TARGET_NAME = Goooo;
			};
			name = Release;
		};
/* End XCBuildConfiguration section */

/* Begin XCConfigurationList section */
		108922592BD984D10062DE26 /* Build configuration list for PBXProject "Goooo" */ = {
			isa = XCConfigurationList;
			buildConfigurations = (
				108922802BD984D30062DE26 /* Debug */,
				108922812BD984D30062DE26 /* Release */,
			);
			defaultConfigurationIsVisible = 0;
			defaultConfigurationName = Release;
		};
		108922822BD984D30062DE26 /* Build configuration list for PBXNativeTarget "Goooo" */ = {
			isa = XCConfigurationList;
			buildConfigurations = (
				108922832BD984D30062DE26 /* Debug */,
				108922842BD984D30062DE26 /* Release */,
			);
			defaultConfigurationIsVisible = 0;
			defaultConfigurationName = Release;
		};
		108922852BD984D30062DE26 /* Build configuration list for PBXNativeTarget "GooooTests" */ = {
			isa = XCConfigurationList;
			buildConfigurations = (
				108922862BD984D30062DE26 /* Debug */,
				108922872BD984D30062DE26 /* Release */,
			);
			defaultConfigurationIsVisible = 0;
			defaultConfigurationName = Release;
		};
		108922882BD984D30062DE26 /* Build configuration list for PBXNativeTarget "GooooUITests" */ = {
			isa = XCConfigurationList;
			buildConfigurations = (
				108922892BD984D30062DE26 /* Debug */,
				1089228A2BD984D30062DE26 /* Release */,
			);
			defaultConfigurationIsVisible = 0;
			defaultConfigurationName = Release;
		};
/* End XCConfigurationList section */
	};
	rootObject = 108922562BD984D10062DE26 /* Project object */;
}
